
Microsoft Visual Studio Solution File, Format Version 12.00
# Visual Studio Version 17
VisualStudioVersion = 17.7.34009.444
MinimumVisualStudioVersion = 10.0.40219.1
Project("{FAE04EC0-301F-11D3-BF4B-00C04F79EFBC}") = "Laboratorio_05_SMN_5_ACT_4.1", "Laboratorio_05_SMN_5_ACT_4.1\Laboratorio_05_SMN_5_ACT_4.1.csproj", "{4009202B-7CC5-4905-B549-5B8448F5F099}"
EndProject
Global
	GlobalSection(SolutionConfigurationPlatforms) = preSolution
		Debug|Any CPU = Debug|Any CPU
		Release|Any CPU = Release|Any CPU
	EndGlobalSection
	GlobalSection(ProjectConfigurationPlatforms) = postSolution
		{4009202B-7CC5-4905-B549-5B8448F5F099}.Debug|Any CPU.ActiveCfg = Debug|Any CPU
		{4009202B-7CC5-4905-B549-5B8448F5F099}.Debug|Any CPU.Build.0 = Debug|Any CPU
		{4009202B-7CC5-4905-B549-5B8448F5F099}.Release|Any CPU.ActiveCfg = Release|Any CPU
		{4009202B-7CC5-4905-B549-5B8448F5F099}.Release|Any CPU.Build.0 = Release|Any CPU
	EndGlobalSection
	GlobalSection(SolutionProperties) = preSolution
		HideSolutionNode = FALSE
	EndGlobalSection
	GlobalSection(ExtensibilityGlobals) = postSolution
		SolutionGuid = {E6F0CA79-2E47-490A-A49B-8B7CC4527493}
	EndGlobalSection
EndGlobal
